
Microsoft Visual Studio Solution File, Format Version 12.00
# Visual Studio Version 17
VisualStudioVersion = 17.13.35818.85 d17.13
MinimumVisualStudioVersion = 10.0.40219.1
Project("{8BC9CEB8-8B4A-11D0-8D11-00A0C91BC942}") = "AssaultCubeDLL", "AssaultCubeDLL.vcxproj", "{673DD892-0D40-4A89-9E51-4A210411DB77}"
EndProject
Global
	GlobalSection(SolutionConfigurationPlatforms) = preSolution
		Debug|x64 = Debug|x64
		Debug|x86 = Debug|x86
		Release|x64 = Release|x64
		Release|x86 = Release|x86
	EndGlobalSection
	GlobalSection(ProjectConfigurationPlatforms) = postSolution
		{673DD892-0D40-4A89-9E51-4A210411DB77}.Debug|x64.ActiveCfg = Debug|x64
		{673DD892-0D40-4A89-9E51-4A210411DB77}.Debug|x64.Build.0 = Debug|x64
		{673DD892-0D40-4A89-9E51-4A210411DB77}.Debug|x86.ActiveCfg = Debug|Win32
		{673DD892-0D40-4A89-9E51-4A210411DB77}.Debug|x86.Build.0 = Debug|Win32
		{673DD892-0D40-4A89-9E51-4A210411DB77}.Release|x64.ActiveCfg = Release|x64
		{673DD892-0D40-4A89-9E51-4A210411DB77}.Release|x64.Build.0 = Release|x64
		{673DD892-0D40-4A89-9E51-4A210411DB77}.Release|x86.ActiveCfg = Release|Win32
		{673DD892-0D40-4A89-9E51-4A210411DB77}.Release|x86.Build.0 = Release|Win32
	EndGlobalSection
	GlobalSection(SolutionProperties) = preSolution
		HideSolutionNode = FALSE
	EndGlobalSection
	GlobalSection(ExtensibilityGlobals) = postSolution
		SolutionGuid = {73D97B9B-3281-4272-8834-6CCD3B4D553D}
	EndGlobalSection
EndGlobal
